
Microsoft Visual Studio Solution File, Format Version 12.00
# Visual Studio 15
VisualStudioVersion = 15.0.27703.2035
MinimumVisualStudioVersion = 10.0.40219.1
Project("{FAE04EC0-301F-11D3-BF4B-00C04F79EFBC}") = "SterlingSwitch.Android", "SterlingSwitch\SterlingSwitch.Android\SterlingSwitch.Android.csproj", "{C5818AE3-2C59-4684-8A37-C06908CD9D6F}"
EndProject
Project("{FAE04EC0-301F-11D3-BF4B-00C04F79EFBC}") = "SterlingSwitch", "SterlingSwitch\SterlingSwitch\SterlingSwitch.csproj", "{16942C20-A5BF-480E-9CFE-CA1F35D62B97}"
EndProject
Project("{FAE04EC0-301F-11D3-BF4B-00C04F79EFBC}") = "SterlingSwitch.iOS", "SterlingSwitch\SterlingSwitch.iOS\SterlingSwitch.iOS.csproj", "{208D383F-7132-462C-B38A-8D2C8667A4B2}"
EndProject
Global
	GlobalSection(SolutionConfigurationPlatforms) = preSolution
		Ad-Hoc|Any CPU = Ad-Hoc|Any CPU
		Ad-Hoc|iPhone = Ad-Hoc|iPhone
		Ad-Hoc|iPhoneSimulator = Ad-Hoc|iPhoneSimulator
		AppStore|Any CPU = AppStore|Any CPU
		AppStore|iPhone = AppStore|iPhone
		AppStore|iPhoneSimulator = AppStore|iPhoneSimulator
		Debug|Any CPU = Debug|Any CPU
		Debug|iPhone = Debug|iPhone
		Debug|iPhoneSimulator = Debug|iPhoneSimulator
		Release|Any CPU = Release|Any CPU
		Release|iPhone = Release|iPhone
		Release|iPhoneSimulator = Release|iPhoneSimulator
		TestPilot|Any CPU = TestPilot|Any CPU
		TestPilot|iPhone = TestPilot|iPhone
		TestPilot|iPhoneSimulator = TestPilot|iPhoneSimulator
	EndGlobalSection
	GlobalSection(ProjectConfigurationPlatforms) = postSolution
		{C5818AE3-2C59-4684-8A37-C06908CD9D6F}.Ad-Hoc|Any CPU.ActiveCfg = Release|Any CPU
		{C5818AE3-2C59-4684-8A37-C06908CD9D6F}.Ad-Hoc|Any CPU.Build.0 = Release|Any CPU
		{C5818AE3-2C59-4684-8A37-C06908CD9D6F}.Ad-Hoc|Any CPU.Deploy.0 = Release|Any CPU
		{C5818AE3-2C59-4684-8A37-C06908CD9D6F}.Ad-Hoc|iPhone.ActiveCfg = Release|Any CPU
		{C5818AE3-2C59-4684-8A37-C06908CD9D6F}.Ad-Hoc|iPhone.Build.0 = Release|Any CPU
		{C5818AE3-2C59-4684-8A37-C06908CD9D6F}.Ad-Hoc|iPhone.Deploy.0 = Release|Any CPU
		{C5818AE3-2C59-4684-8A37-C06908CD9D6F}.Ad-Hoc|iPhoneSimulator.ActiveCfg = Release|Any CPU
		{C5818AE3-2C59-4684-8A37-C06908CD9D6F}.Ad-Hoc|iPhoneSimulator.Build.0 = Release|Any CPU
		{C5818AE3-2C59-4684-8A37-C06908CD9D6F}.Ad-Hoc|iPhoneSimulator.Deploy.0 = Release|Any CPU
		{C5818AE3-2C59-4684-8A37-C06908CD9D6F}.AppStore|Any CPU.ActiveCfg = Release|Any CPU
		{C5818AE3-2C59-4684-8A37-C06908CD9D6F}.AppStore|Any CPU.Build.0 = Release|Any CPU
		{C5818AE3-2C59-4684-8A37-C06908CD9D6F}.AppStore|Any CPU.Deploy.0 = Release|Any CPU
		{C5818AE3-2C59-4684-8A37-C06908CD9D6F}.AppStore|iPhone.ActiveCfg = Release|Any CPU
		{C5818AE3-2C59-4684-8A37-C06908CD9D6F}.AppStore|iPhone.Build.0 = Release|Any CPU
		{C5818AE3-2C59-4684-8A37-C06908CD9D6F}.AppStore|iPhone.Deploy.0 = Release|Any CPU
		{C5818AE3-2C59-4684-8A37-C06908CD9D6F}.AppStore|iPhoneSimulator.ActiveCfg = Release|Any CPU
		{C5818AE3-2C59-4684-8A37-C06908CD9D6F}.AppStore|iPhoneSimulator.Build.0 = Release|Any CPU
		{C5818AE3-2C59-4684-8A37-C06908CD9D6F}.AppStore|iPhoneSimulator.Deploy.0 = Release|Any CPU
		{C5818AE3-2C59-4684-8A37-C06908CD9D6F}.Debug|Any CPU.ActiveCfg = Debug|Any CPU
		{C5818AE3-2C59-4684-8A37-C06908CD9D6F}.Debug|Any CPU.Build.0 = Debug|Any CPU
		{C5818AE3-2C59-4684-8A37-C06908CD9D6F}.Debug|Any CPU.Deploy.0 = Debug|Any CPU
		{C5818AE3-2C59-4684-8A37-C06908CD9D6F}.Debug|iPhone.ActiveCfg = Debug|Any CPU
		{C5818AE3-2C59-4684-8A37-C06908CD9D6F}.Debug|iPhone.Build.0 = Debug|Any CPU
		{C5818AE3-2C59-4684-8A37-C06908CD9D6F}.Debug|iPhone.Deploy.0 = Debug|Any CPU
		{C5818AE3-2C59-4684-8A37-C06908CD9D6F}.Debug|iPhoneSimulator.ActiveCfg = Debug|Any CPU
		{C5818AE3-2C59-4684-8A37-C06908CD9D6F}.Debug|iPhoneSimulator.Build.0 = Debug|Any CPU
		{C5818AE3-2C59-4684-8A37-C06908CD9D6F}.Debug|iPhoneSimulator.Deploy.0 = Debug|Any CPU
		{C5818AE3-2C59-4684-8A37-C06908CD9D6F}.Release|Any CPU.ActiveCfg = Release|Any CPU
		{C5818AE3-2C59-4684-8A37-C06908CD9D6F}.Release|Any CPU.Build.0 = Release|Any CPU
		{C5818AE3-2C59-4684-8A37-C06908CD9D6F}.Release|Any CPU.Deploy.0 = Release|Any CPU
		{C5818AE3-2C59-4684-8A37-C06908CD9D6F}.Release|iPhone.ActiveCfg = Release|Any CPU
		{C5818AE3-2C59-4684-8A37-C06908CD9D6F}.Release|iPhone.Build.0 = Release|Any CPU
		{C5818AE3-2C59-4684-8A37-C06908CD9D6F}.Release|iPhone.Deploy.0 = Release|Any CPU
		{C5818AE3-2C59-4684-8A37-C06908CD9D6F}.Release|iPhoneSimulator.ActiveCfg = Release|Any CPU
		{C5818AE3-2C59-4684-8A37-C06908CD9D6F}.Release|iPhoneSimulator.Build.0 = Release|Any CPU
		{C5818AE3-2C59-4684-8A37-C06908CD9D6F}.Release|iPhoneSimulator.Deploy.0 = Release|Any CPU
		{C5818AE3-2C59-4684-8A37-C06908CD9D6F}.TestPilot|Any CPU.ActiveCfg = TestPilot|Any CPU
		{C5818AE3-2C59-4684-8A37-C06908CD9D6F}.TestPilot|Any CPU.Build.0 = TestPilot|Any CPU
		{C5818AE3-2C59-4684-8A37-C06908CD9D6F}.TestPilot|Any CPU.Deploy.0 = TestPilot|Any CPU
		{C5818AE3-2C59-4684-8A37-C06908CD9D6F}.TestPilot|iPhone.ActiveCfg = TestPilot|Any CPU
		{C5818AE3-2C59-4684-8A37-C06908CD9D6F}.TestPilot|iPhone.Build.0 = TestPilot|Any CPU
		{C5818AE3-2C59-4684-8A37-C06908CD9D6F}.TestPilot|iPhone.Deploy.0 = TestPilot|Any CPU
		{C5818AE3-2C59-4684-8A37-C06908CD9D6F}.TestPilot|iPhoneSimulator.ActiveCfg = TestPilot|Any CPU
		{C5818AE3-2C59-4684-8A37-C06908CD9D6F}.TestPilot|iPhoneSimulator.Build.0 = TestPilot|Any CPU
		{C5818AE3-2C59-4684-8A37-C06908CD9D6F}.TestPilot|iPhoneSimulator.Deploy.0 = TestPilot|Any CPU
		{16942C20-A5BF-480E-9CFE-CA1F35D62B97}.Ad-Hoc|Any CPU.ActiveCfg = Debug|Any CPU
		{16942C20-A5BF-480E-9CFE-CA1F35D62B97}.Ad-Hoc|Any CPU.Build.0 = Debug|Any CPU
		{16942C20-A5BF-480E-9CFE-CA1F35D62B97}.Ad-Hoc|Any CPU.Deploy.0 = Debug|Any CPU
		{16942C20-A5BF-480E-9CFE-CA1F35D62B97}.Ad-Hoc|iPhone.ActiveCfg = Debug|Any CPU
		{16942C20-A5BF-480E-9CFE-CA1F35D62B97}.Ad-Hoc|iPhone.Build.0 = Debug|Any CPU
		{16942C20-A5BF-480E-9CFE-CA1F35D62B97}.Ad-Hoc|iPhone.Deploy.0 = Debug|Any CPU
		{16942C20-A5BF-480E-9CFE-CA1F35D62B97}.Ad-Hoc|iPhoneSimulator.ActiveCfg = Debug|Any CPU
		{16942C20-A5BF-480E-9CFE-CA1F35D62B97}.Ad-Hoc|iPhoneSimulator.Build.0 = Debug|Any CPU
		{16942C20-A5BF-480E-9CFE-CA1F35D62B97}.Ad-Hoc|iPhoneSimulator.Deploy.0 = Debug|Any CPU
		{16942C20-A5BF-480E-9CFE-CA1F35D62B97}.AppStore|Any CPU.ActiveCfg = Debug|Any CPU
		{16942C20-A5BF-480E-9CFE-CA1F35D62B97}.AppStore|Any CPU.Build.0 = Debug|Any CPU
		{16942C20-A5BF-480E-9CFE-CA1F35D62B97}.AppStore|Any CPU.Deploy.0 = Debug|Any CPU
		{16942C20-A5BF-480E-9CFE-CA1F35D62B97}.AppStore|iPhone.ActiveCfg = Debug|Any CPU
		{16942C20-A5BF-480E-9CFE-CA1F35D62B97}.AppStore|iPhone.Build.0 = Debug|Any CPU
		{16942C20-A5BF-480E-9CFE-CA1F35D62B97}.AppStore|iPhone.Deploy.0 = Debug|Any CPU
		{16942C20-A5BF-480E-9CFE-CA1F35D62B97}.AppStore|iPhoneSimulator.ActiveCfg = Debug|Any CPU
		{16942C20-A5BF-480E-9CFE-CA1F35D62B97}.AppStore|iPhoneSimulator.Build.0 = Debug|Any CPU
		{16942C20-A5BF-480E-9CFE-CA1F35D62B97}.AppStore|iPhoneSimulator.Deploy.0 = Debug|Any CPU
		{16942C20-A5BF-480E-9CFE-CA1F35D62B97}.Debug|Any CPU.ActiveCfg = Debug|Any CPU
		{16942C20-A5BF-480E-9CFE-CA1F35D62B97}.Debug|Any CPU.Build.0 = Debug|Any CPU
		{16942C20-A5BF-480E-9CFE-CA1F35D62B97}.Debug|Any CPU.Deploy.0 = Debug|Any CPU
		{16942C20-A5BF-480E-9CFE-CA1F35D62B97}.Debug|iPhone.ActiveCfg = Debug|Any CPU
		{16942C20-A5BF-480E-9CFE-CA1F35D62B97}.Debug|iPhone.Build.0 = Debug|Any CPU
		{16942C20-A5BF-480E-9CFE-CA1F35D62B97}.Debug|iPhone.Deploy.0 = Debug|Any CPU
		{16942C20-A5BF-480E-9CFE-CA1F35D62B97}.Debug|iPhoneSimulator.ActiveCfg = Debug|Any CPU
		{16942C20-A5BF-480E-9CFE-CA1F35D62B97}.Debug|iPhoneSimulator.Build.0 = Debug|Any CPU
		{16942C20-A5BF-480E-9CFE-CA1F35D62B97}.Debug|iPhoneSimulator.Deploy.0 = Debug|Any CPU
		{16942C20-A5BF-480E-9CFE-CA1F35D62B97}.Release|Any CPU.ActiveCfg = Release|Any CPU
		{16942C20-A5BF-480E-9CFE-CA1F35D62B97}.Release|Any CPU.Build.0 = Release|Any CPU
		{16942C20-A5BF-480E-9CFE-CA1F35D62B97}.Release|Any CPU.Deploy.0 = Release|Any CPU
		{16942C20-A5BF-480E-9CFE-CA1F35D62B97}.Release|iPhone.ActiveCfg = Release|Any CPU
		{16942C20-A5BF-480E-9CFE-CA1F35D62B97}.Release|iPhone.Build.0 = Release|Any CPU
		{16942C20-A5BF-480E-9CFE-CA1F35D62B97}.Release|iPhone.Deploy.0 = Release|Any CPU
		{16942C20-A5BF-480E-9CFE-CA1F35D62B97}.Release|iPhoneSimulator.ActiveCfg = Release|Any CPU
		{16942C20-A5BF-480E-9CFE-CA1F35D62B97}.Release|iPhoneSimulator.Build.0 = Release|Any CPU
		{16942C20-A5BF-480E-9CFE-CA1F35D62B97}.Release|iPhoneSimulator.Deploy.0 = Release|Any CPU
		{16942C20-A5BF-480E-9CFE-CA1F35D62B97}.TestPilot|Any CPU.ActiveCfg = TestPilot|Any CPU
		{16942C20-A5BF-480E-9CFE-CA1F35D62B97}.TestPilot|Any CPU.Build.0 = TestPilot|Any CPU
		{16942C20-A5BF-480E-9CFE-CA1F35D62B97}.TestPilot|iPhone.ActiveCfg = TestPilot|Any CPU
		{16942C20-A5BF-480E-9CFE-CA1F35D62B97}.TestPilot|iPhone.Build.0 = TestPilot|Any CPU
		{16942C20-A5BF-480E-9CFE-CA1F35D62B97}.TestPilot|iPhoneSimulator.ActiveCfg = TestPilot|Any CPU
		{16942C20-A5BF-480E-9CFE-CA1F35D62B97}.TestPilot|iPhoneSimulator.Build.0 = TestPilot|Any CPU
		{208D383F-7132-462C-B38A-8D2C8667A4B2}.Ad-Hoc|Any CPU.ActiveCfg = Ad-Hoc|iPhone
		{208D383F-7132-462C-B38A-8D2C8667A4B2}.Ad-Hoc|Any CPU.Build.0 = Ad-Hoc|iPhone
		{208D383F-7132-462C-B38A-8D2C8667A4B2}.Ad-Hoc|Any CPU.Deploy.0 = Ad-Hoc|iPhone
		{208D383F-7132-462C-B38A-8D2C8667A4B2}.Ad-Hoc|iPhone.ActiveCfg = Ad-Hoc|iPhone
		{208D383F-7132-462C-B38A-8D2C8667A4B2}.Ad-Hoc|iPhone.Build.0 = Ad-Hoc|iPhone
		{208D383F-7132-462C-B38A-8D2C8667A4B2}.Ad-Hoc|iPhone.Deploy.0 = Ad-Hoc|iPhone
		{208D383F-7132-462C-B38A-8D2C8667A4B2}.Ad-Hoc|iPhoneSimulator.ActiveCfg = Ad-Hoc|iPhoneSimulator
		{208D383F-7132-462C-B38A-8D2C8667A4B2}.Ad-Hoc|iPhoneSimulator.Build.0 = Ad-Hoc|iPhoneSimulator
		{208D383F-7132-462C-B38A-8D2C8667A4B2}.Ad-Hoc|iPhoneSimulator.Deploy.0 = Ad-Hoc|iPhoneSimulator
		{208D383F-7132-462C-B38A-8D2C8667A4B2}.AppStore|Any CPU.ActiveCfg = AppStore|iPhone
		{208D383F-7132-462C-B38A-8D2C8667A4B2}.AppStore|Any CPU.Build.0 = AppStore|iPhone
		{208D383F-7132-462C-B38A-8D2C8667A4B2}.AppStore|Any CPU.Deploy.0 = AppStore|iPhone
		{208D383F-7132-462C-B38A-8D2C8667A4B2}.AppStore|iPhone.ActiveCfg = AppStore|iPhone
		{208D383F-7132-462C-B38A-8D2C8667A4B2}.AppStore|iPhone.Build.0 = AppStore|iPhone
		{208D383F-7132-462C-B38A-8D2C8667A4B2}.AppStore|iPhone.Deploy.0 = AppStore|iPhone
		{208D383F-7132-462C-B38A-8D2C8667A4B2}.AppStore|iPhoneSimulator.ActiveCfg = AppStore|iPhoneSimulator
		{208D383F-7132-462C-B38A-8D2C8667A4B2}.AppStore|iPhoneSimulator.Build.0 = AppStore|iPhoneSimulator
		{208D383F-7132-462C-B38A-8D2C8667A4B2}.AppStore|iPhoneSimulator.Deploy.0 = AppStore|iPhoneSimulator
		{208D383F-7132-462C-B38A-8D2C8667A4B2}.Debug|Any CPU.ActiveCfg = Debug|iPhoneSimulator
		{208D383F-7132-462C-B38A-8D2C8667A4B2}.Debug|Any CPU.Build.0 = Debug|iPhoneSimulator
		{208D383F-7132-462C-B38A-8D2C8667A4B2}.Debug|Any CPU.Deploy.0 = Debug|iPhoneSimulator
		{208D383F-7132-462C-B38A-8D2C8667A4B2}.Debug|iPhone.ActiveCfg = Debug|iPhone
		{208D383F-7132-462C-B38A-8D2C8667A4B2}.Debug|iPhone.Build.0 = Debug|iPhone
		{208D383F-7132-462C-B38A-8D2C8667A4B2}.Debug|iPhone.Deploy.0 = Debug|iPhone
		{208D383F-7132-462C-B38A-8D2C8667A4B2}.Debug|iPhoneSimulator.ActiveCfg = Debug|iPhoneSimulator
		{208D383F-7132-462C-B38A-8D2C8667A4B2}.Debug|iPhoneSimulator.Build.0 = Debug|iPhoneSimulator
		{208D383F-7132-462C-B38A-8D2C8667A4B2}.Debug|iPhoneSimulator.Deploy.0 = Debug|iPhoneSimulator
		{208D383F-7132-462C-B38A-8D2C8667A4B2}.Release|Any CPU.ActiveCfg = Release|iPhone
		{208D383F-7132-462C-B38A-8D2C8667A4B2}.Release|Any CPU.Build.0 = Release|iPhone
		{208D383F-7132-462C-B38A-8D2C8667A4B2}.Release|Any CPU.Deploy.0 = Release|iPhone
		{208D383F-7132-462C-B38A-8D2C8667A4B2}.Release|iPhone.ActiveCfg = Release|iPhone
		{208D383F-7132-462C-B38A-8D2C8667A4B2}.Release|iPhone.Build.0 = Release|iPhone
		{208D383F-7132-462C-B38A-8D2C8667A4B2}.Release|iPhone.Deploy.0 = Release|iPhone
		{208D383F-7132-462C-B38A-8D2C8667A4B2}.Release|iPhoneSimulator.ActiveCfg = Release|iPhoneSimulator
		{208D383F-7132-462C-B38A-8D2C8667A4B2}.Release|iPhoneSimulator.Build.0 = Release|iPhoneSimulator
		{208D383F-7132-462C-B38A-8D2C8667A4B2}.Release|iPhoneSimulator.Deploy.0 = Release|iPhoneSimulator
		{208D383F-7132-462C-B38A-8D2C8667A4B2}.TestPilot|Any CPU.ActiveCfg = TestPilot|iPhoneSimulator
		{208D383F-7132-462C-B38A-8D2C8667A4B2}.TestPilot|Any CPU.Build.0 = TestPilot|iPhoneSimulator
		{208D383F-7132-462C-B38A-8D2C8667A4B2}.TestPilot|iPhone.ActiveCfg = TestPilot|iPhone
		{208D383F-7132-462C-B38A-8D2C8667A4B2}.TestPilot|iPhone.Build.0 = TestPilot|iPhone
		{208D383F-7132-462C-B38A-8D2C8667A4B2}.TestPilot|iPhoneSimulator.ActiveCfg = TestPilot|iPhoneSimulator
		{208D383F-7132-462C-B38A-8D2C8667A4B2}.TestPilot|iPhoneSimulator.Build.0 = TestPilot|iPhoneSimulator
	EndGlobalSection
	GlobalSection(SolutionProperties) = preSolution
		HideSolutionNode = FALSE
	EndGlobalSection
	GlobalSection(ExtensibilityGlobals) = postSolution
		SolutionGuid = {437791AB-687B-4300-9710-8773958FB836}
	EndGlobalSection
EndGlobal
